# This file is automatically @generated by Cargo.
# It is not intended for manual editing.
version = 4

[[package]]
name = "darwin-proc"
version = "0.1.0"

[[package]]
name = "procps"
version = "0.1.0"

[[package]]
name = "procps-core"
version = "0.1.0"

[[package]]
name = "procps-helperd"
version = "0.1.0"
